[[package]]
name = "colorama"
version = "0.4.4"
description = "Cross-platform colored terminal text."
category = "main"
optional = false
python-versions = ">=2.7, !=3.0.*, !=3.1.*, !=3.2.*, !=3.3.*, !=3.4.*"

[[package]]
name = "loguru"
version = "0.5.3"
description = "Python logging made (stupidly) simple"
category = "main"
optional = false
python-versions = ">=3.5"

[package.dependencies]
colorama = {version = ">=0.3.4", markers = "sys_platform == \"win32\""}
win32-setctime = {version = ">=1.0.0", markers = "sys_platform == \"win32\""}

[package.extras]
dev = ["codecov (>=2.0.15)", "colorama (>=0.3.4)", "flake8 (>=3.7.7)", "tox (>=3.9.0)", "tox-travis (>=0.12)", "pytest (>=4.6.2)", "pytest-cov (>=2.7.1)", "Sphinx (>=2.2.1)", "sphinx-autobuild (>=0.7.1)", "sphinx-rtd-theme (>=0.4.3)", "black (>=19.10b0)", "isort (>=5.1.1)"]

[[package]]
name = "pathvalidate"
version = "2.3.0"
description = "pathvalidate is a Python library to sanitize/validate a string such as filenames/file-paths/etc."
category = "main"
optional = false
python-versions = ">=3.5"

[package.extras]
test = ["allpairspy", "click", "faker", "pytest"]

[[package]]
name = "selenium"
version = "3.141.0"
description = "Python bindings for Selenium"
category = "main"
optional = false
python-versions = "*"

[package.dependencies]
urllib3 = "*"

[[package]]
name = "ujson"
version = "4.0.1"
description = "Ultra fast JSON encoder and decoder for Python"
category = "main"
optional = false
python-versions = ">=3.6"

[[package]]
name = "urllib3"
version = "1.25.11"
description = "HTTP library with thread-safe connection pooling, file post, and more."
category = "main"
optional = false
python-versions = ">=2.7, !=3.0.*, !=3.1.*, !=3.2.*, !=3.3.*, !=3.4.*, <4"

[package.extras]
brotli = ["brotlipy (>=0.6.0)"]
secure = ["pyOpenSSL (>=0.14)", "cryptography (>=1.3.4)", "idna (>=2.0.0)", "certifi", "ipaddress"]
socks = ["PySocks (>=1.5.6,!=1.5.7,<2.0)"]

[[package]]
name = "win32-setctime"
version = "1.0.3"
description = "A small Python utility to set file creation time on Windows"
category = "main"
optional = false
python-versions = ">=3.5"

[package.extras]
dev = ["pytest (>=4.6.2)", "black (>=19.3b0)"]

[metadata]
lock-version = "1.1"
python-versions = "^3.8"
content-hash = "eb999bc969123a053a798bfa32de3e0950ec159bb364c36f778d2561f7615a08"

[metadata.files]
colorama = [
    {file = "colorama-0.4.4-py2.py3-none-any.whl", hash = "sha256:9f47eda37229f68eee03b24b9748937c7dc3868f906e8ba69fbcbdd3bc5dc3e2"},
    {file = "colorama-0.4.4.tar.gz", hash = "sha256:5941b2b48a20143d2267e95b1c2a7603ce057ee39fd88e7329b0c292aa16869b"},
]
loguru = [
    {file = "loguru-0.5.3-py3-none-any.whl", hash = "sha256:f8087ac396b5ee5f67c963b495d615ebbceac2796379599820e324419d53667c"},
    {file = "loguru-0.5.3.tar.gz", hash = "sha256:b28e72ac7a98be3d28ad28570299a393dfcd32e5e3f6a353dec94675767b6319"},
]
pathvalidate = [
    {file = "pathvalidate-2.3.0-py3-none-any.whl", hash = "sha256:1697c8ea71ff4c48e7aa0eda72fe4581404be8f41e51a17363ef682dd6824d35"},
    {file = "pathvalidate-2.3.0.tar.gz", hash = "sha256:32d30dbacb711c16bb188b12ce7e9a46b41785f50a12f64500f747480a4b6ee3"},
]
selenium = [
    {file = "selenium-3.141.0-py2.py3-none-any.whl", hash = "sha256:2d7131d7bc5a5b99a2d9b04aaf2612c411b03b8ca1b1ee8d3de5845a9be2cb3c"},
    {file = "selenium-3.141.0.tar.gz", hash = "sha256:deaf32b60ad91a4611b98d8002757f29e6f2c2d5fcaf202e1c9ad06d6772300d"},
]
ujson = [
    {file = "ujson-4.0.1-cp36-cp36m-macosx_10_14_x86_64.whl", hash = "sha256:5fe1536465b1c86e32a47113abd3178001b7c2dcd61f95f336fe2febf4661e74"},
    {file = "ujson-4.0.1-cp36-cp36m-manylinux1_i686.whl", hash = "sha256:0f412c3f59b1ab0f40018235224ca0cf29232d0201ff5085618565a8a9c810ed"},
    {file = "ujson-4.0.1-cp36-cp36m-manylinux1_x86_64.whl", hash = "sha256:4f12b0b4e235b35d49f15227b0a827e614c52dda903c58a8f5523936c233dfc7"},
    {file = "ujson-4.0.1-cp36-cp36m-manylinux2014_aarch64.whl", hash = "sha256:7a1545ac2476db4cc1f0f236603ccbb50991fc1bba480cda1bc06348cc2a2bf0"},
    {file = "ujson-4.0.1-cp36-cp36m-win_amd64.whl", hash = "sha256:078808c385036cba73cad96f498310c61e9b5ae5ac9ea01e7c3996ece544b556"},
    {file = "ujson-4.0.1-cp37-cp37m-macosx_10_14_x86_64.whl", hash = "sha256:4fe8c6112b732cba5a722f7cbe22f18d405f6f44415794a5b46473a477635233"},
    {file = "ujson-4.0.1-cp37-cp37m-manylinux1_i686.whl", hash = "sha256:71703a269f074ff65b9d7746662e4b3e76a4af443e532218af1e8ce15d9b1e7b"},
    {file = "ujson-4.0.1-cp37-cp37m-manylinux1_x86_64.whl", hash = "sha256:b87379a3f8046d6d111762d81f3384bf38ab24b1535c841fe867a4a097d84523"},
    {file = "ujson-4.0.1-cp37-cp37m-manylinux2014_aarch64.whl", hash = "sha256:a79bca47eafb31c74b38e68623bc9b2bb930cb48fab1af31c8f2cb68cf473421"},
    {file = "ujson-4.0.1-cp37-cp37m-win_amd64.whl", hash = "sha256:e7ab24942b2d57920d75b817b8eead293026db003247e26f99506bdad86c61b4"},
    {file = "ujson-4.0.1-cp38-cp38-macosx_10_14_x86_64.whl", hash = "sha256:51480048373cf97a6b97fcd70c3586ca0a31f27e22ab680fb14c1f22bedbf743"},
    {file = "ujson-4.0.1-cp38-cp38-manylinux1_i686.whl", hash = "sha256:c604024bd853b5df6be7d933e934da8dd139e6159564db7c55b92a9937678093"},
    {file = "ujson-4.0.1-cp38-cp38-manylinux1_x86_64.whl", hash = "sha256:568bb3e7f035006147af4ce3a9ced7d126c92e1a8607c7b2266007b1c1162c53"},
    {file = "ujson-4.0.1-cp38-cp38-manylinux2014_aarch64.whl", hash = "sha256:bd4c77aee3ffb920e2dbc21a9e0c7945a400557ce671cfd57dbd569f5ebc619d"},
    {file = "ujson-4.0.1-cp38-cp38-win_amd64.whl", hash = "sha256:c354c1617b0a4378b6279d0cd511b769500cf3fa7c42e8e004cbbbb6b4c2a875"},
    {file = "ujson-4.0.1-cp39-cp39-macosx_10_14_x86_64.whl", hash = "sha256:a5200a68f1dcf3ce275e1cefbcfa3914b70c2b5e2f71c2e31556aa1f7244c845"},
    {file = "ujson-4.0.1-cp39-cp39-manylinux1_i686.whl", hash = "sha256:a618af22407baeadb3f046f81e7a5ee5e9f8b0b716d2b564f92276a54d26a823"},
    {file = "ujson-4.0.1-cp39-cp39-manylinux1_x86_64.whl", hash = "sha256:0a2e1b211714eb1ec0772a013ec9967f8f95f21c84e8f46382e9f8a32ae781fe"},
    {file = "ujson-4.0.1-cp39-cp39-manylinux2014_aarch64.whl", hash = "sha256:2b2d9264ac76aeb11f590f7a1ccff0689ba1313adacbb6d38d3b15f21a392897"},
    {file = "ujson-4.0.1-cp39-cp39-win_amd64.whl", hash = "sha256:f8a60928737a9a47e692fcd661ef2b5d75ba22c7c930025bd95e338f2a6e15bc"},
    {file = "ujson-4.0.1.tar.gz", hash = "sha256:26cf6241b36ff5ce4539ae687b6b02673109c5e3efc96148806a7873eaa229d3"},
]
urllib3 = [
    {file = "urllib3-1.25.11-py2.py3-none-any.whl", hash = "sha256:f5321fbe4bf3fefa0efd0bfe7fb14e90909eb62a48ccda331726b4319897dd5e"},
    {file = "urllib3-1.25.11.tar.gz", hash = "sha256:8d7eaa5a82a1cac232164990f04874c594c9453ec55eef02eab885aa02fc17a2"},
]
win32-setctime = [
    {file = "win32_setctime-1.0.3-py3-none-any.whl", hash = "sha256:dc925662de0a6eb987f0b01f599c01a8236cb8c62831c22d9cada09ad958243e"},
    {file = "win32_setctime-1.0.3.tar.gz", hash = "sha256:4e88556c32fdf47f64165a2180ba4552f8bb32c1103a2fafd05723a0bd42bd4b"},
]
